// !$*UTF8*$!
{
	archiveVersion = 1;
	classes = {
	};
	objectVersion = 48;
	objects = {

/* Begin PBXBuildFile section */
		AB4DEE292050511200000E73 /* QuestionViewController.swift in Sources */ = {isa = PBXBuildFile; fileRef = AB4DEE282050511200000E73 /* QuestionViewController.swift */; };
		AB4DEE2B2050512400000E73 /* ResultsViewController.swift in Sources */ = {isa = PBXBuildFile; fileRef = AB4DEE2A2050512400000E73 /* ResultsViewController.swift */; };
		AF727F38204C7B5C00ADB45D /* AppDelegate.swift in Sources */ = {isa = PBXBuildFile; fileRef = AF727F37204C7B5C00ADB45D /* AppDelegate.swift */; };
		AF727F3A204C7B5C00ADB45D /* InitialViewController.swift in Sources */ = {isa = PBXBuildFile; fileRef = AF727F39204C7B5C00ADB45D /* InitialViewController.swift */; };
		AF727F3D204C7B5C00ADB45D /* Main.storyboard in Resources */ = {isa = PBXBuildFile; fileRef = AF727F3B204C7B5C00ADB45D /* Main.storyboard */; };
		AF727F3F204C7B5C00ADB45D /* Assets.xcassets in Resources */ = {isa = PBXBuildFile; fileRef = AF727F3E204C7B5C00ADB45D /* Assets.xcassets */; };
		AF727F42204C7B5C00ADB45D /* LaunchScreen.storyboard in Resources */ = {isa = PBXBuildFile; fileRef = AF727F40204C7B5C00ADB45D /* LaunchScreen.storyboard */; };
/* End PBXBuildFile section */

/* Begin PBXFileReference section */
		AB4DEE282050511200000E73 /* QuestionViewController.swift */ = {isa = PBXFileReference; lastKnownFileType = sourcecode.swift; path = QuestionViewController.swift; sourceTree = "<group>"; };
		AB4DEE2A2050512400000E73 /* ResultsViewController.swift */ = {isa = PBXFileReference; lastKnownFileType = sourcecode.swift; path = ResultsViewController.swift; sourceTree = "<group>"; };
		AF727F34204C7B5C00ADB45D /* personalityQuiz2.app */ = {isa = PBXFileReference; explicitFileType = wrapper.application; includeInIndex = 0; path = personalityQuiz2.app; sourceTree = BUILT_PRODUCTS_DIR; };
		AF727F37204C7B5C00ADB45D /* AppDelegate.swift */ = {isa = PBXFileReference; lastKnownFileType = sourcecode.swift; path = AppDelegate.swift; sourceTree = "<group>"; };
		AF727F39204C7B5C00ADB45D /* InitialViewController.swift */ = {isa = PBXFileReference; lastKnownFileType = sourcecode.swift; path = InitialViewController.swift; sourceTree = "<group>"; };
		AF727F3C204C7B5C00ADB45D /* Base */ = {isa = PBXFileReference; lastKnownFileType = file.storyboard; name = Base; path = Base.lproj/Main.storyboard; sourceTree = "<group>"; };
		AF727F3E204C7B5C00ADB45D /* Assets.xcassets */ = {isa = PBXFileReference; lastKnownFileType = folder.assetcatalog; path = Assets.xcassets; sourceTree = "<group>"; };
		AF727F41204C7B5C00ADB45D /* Base */ = {isa = PBXFileReference; lastKnownFileType = file.storyboard; name = Base; path = Base.lproj/LaunchScreen.storyboard; sourceTree = "<group>"; };
		AF727F43204C7B5C00ADB45D /* Info.plist */ = {isa = PBXFileReference; lastKnownFileType = text.plist.xml; path = Info.plist; sourceTree = "<group>"; };
/* End PBXFileReference section */

/* Begin PBXFrameworksBuildPhase section */
		AF727F31204C7B5C00ADB45D /* Frameworks */ = {
			isa = PBXFrameworksBuildPhase;
			buildActionMask = 2147483647;
			files = (
			);
			runOnlyForDeploymentPostprocessing = 0;
		};
/* End PBXFrameworksBuildPhase section */

/* Begin PBXGroup section */
		AF727F2B204C7B5C00ADB45D = {
			isa = PBXGroup;
			children = (
				AF727F36204C7B5C00ADB45D /* personalityQuiz2 */,
				AF727F35204C7B5C00ADB45D /* Products */,
			);
			sourceTree = "<group>";
		};
		AF727F35204C7B5C00ADB45D /* Products */ = {
			isa = PBXGroup;
			children = (
				AF727F34204C7B5C00ADB45D /* personalityQuiz2.app */,
			);
			name = Products;
			sourceTree = "<group>";
		};
		AF727F36204C7B5C00ADB45D /* personalityQuiz2 */ = {
			isa = PBXGroup;
			children = (
				AF727F37204C7B5C00ADB45D /* AppDelegate.swift */,
				AF727F39204C7B5C00ADB45D /* InitialViewController.swift */,
				AF727F3B204C7B5C00ADB45D /* Main.storyboard */,
				AB4DEE282050511200000E73 /* QuestionViewController.swift */,
				AB4DEE2A2050512400000E73 /* ResultsViewController.swift */,
				AF727F3E204C7B5C00ADB45D /* Assets.xcassets */,
				AF727F40204C7B5C00ADB45D /* LaunchScreen.storyboard */,
				AF727F43204C7B5C00ADB45D /* Info.plist */,
			);
			path = personalityQuiz2;
			sourceTree = "<group>";
		};
/* End PBXGroup section */

/* Begin PBXNativeTarget section */
		AF727F33204C7B5C00ADB45D /* personalityQuiz2 */ = {
			isa = PBXNativeTarget;
			buildConfigurationList = AF727F46204C7B5C00ADB45D /* Build configuration list for PBXNativeTarget "personalityQuiz2" */;
			buildPhases = (
				AF727F30204C7B5C00ADB45D /* Sources */,
				AF727F31204C7B5C00ADB45D /* Frameworks */,
				AF727F32204C7B5C00ADB45D /* Resources */,
			);
			buildRules = (
			);
			dependencies = (
			);
			name = personalityQuiz2;
			productName = personalityQuiz2;
			productReference = AF727F34204C7B5C00ADB45D /* personalityQuiz2.app */;
			productType = "com.apple.product-type.application";
		};
/* End PBXNativeTarget section */

/* Begin PBXProject section */
		AF727F2C204C7B5C00ADB45D /* Project object */ = {
			isa = PBXProject;
			attributes = {
				LastSwiftUpdateCheck = 0920;
				LastUpgradeCheck = 0920;
				ORGANIZATIONNAME = johnherseyhighschool;
				TargetAttributes = {
					AF727F33204C7B5C00ADB45D = {
						CreatedOnToolsVersion = 9.2;
						ProvisioningStyle = Automatic;
					};
				};
			};
			buildConfigurationList = AF727F2F204C7B5C00ADB45D /* Build configuration list for PBXProject "personalityQuiz2" */;
			compatibilityVersion = "Xcode 8.0";
			developmentRegion = en;
			hasScannedForEncodings = 0;
			knownRegions = (
				en,
				Base,
			);
			mainGroup = AF727F2B204C7B5C00ADB45D;
			productRefGroup = AF727F35204C7B5C00ADB45D /* Products */;
			projectDirPath = "";
			projectRoot = "";
			targets = (
				AF727F33204C7B5C00ADB45D /* personalityQuiz2 */,
			);
		};
/* End PBXProject section */

/* Begin PBXResourcesBuildPhase section */
		AF727F32204C7B5C00ADB45D /* Resources */ = {
			isa = PBXResourcesBuildPhase;
			buildActionMask = 2147483647;
			files = (
				AF727F42204C7B5C00ADB45D /* LaunchScreen.storyboard in Resources */,
				AF727F3F204C7B5C00ADB45D /* Assets.xcassets in Resources */,
				AF727F3D204C7B5C00ADB45D /* Main.storyboard in Resources */,
			);
			runOnlyForDeploymentPostprocessing = 0;
		};
/* End PBXResourcesBuildPhase section */

/* Begin PBXSourcesBuildPhase section */
		AF727F30204C7B5C00ADB45D /* Sources */ = {
			isa = PBXSourcesBuildPhase;
			buildActionMask = 2147483647;
			files = (
				AF727F3A204C7B5C00ADB45D /* InitialViewController.swift in Sources */,
				AF727F38204C7B5C00ADB45D /* AppDelegate.swift in Sources */,
				AB4DEE292050511200000E73 /* QuestionViewController.swift in Sources */,
				AB4DEE2B2050512400000E73 /* ResultsViewController.swift in Sources */,
			);
			runOnlyForDeploymentPostprocessing = 0;
		};
/* End PBXSourcesBuildPhase section */

/* Begin PBXVariantGroup section */
		AF727F3B204C7B5C00ADB45D /* Main.storyboard */ = {
			isa = PBXVariantGroup;
			children = (
				AF727F3C204C7B5C00ADB45D /* Base */,
			);
			name = Main.storyboard;
			sourceTree = "<group>";
		};
		AF727F40204C7B5C00ADB45D /* LaunchScreen.storyboard */ = {
			isa = PBXVariantGroup;
			children = (
				AF727F41204C7B5C00ADB45D /* Base */,
			);
			name = LaunchScreen.storyboard;
			sourceTree = "<group>";
		};
/* End PBXVariantGroup section */

/* Begin XCBuildConfiguration section */
		AF727F44204C7B5C00ADB45D /* Debug */ = {
			isa = XCBuildConfiguration;
			buildSettings = {
				ALWAYS_SEARCH_USER_PATHS = NO;
				CLANG_ANALYZER_NONNULL = YES;
				CLANG_ANALYZER_NUMBER_OBJECT_CONVERSION = YES_AGGRESSIVE;
				CLANG_CXX_LANGUAGE_STANDARD = "gnu++14";
				CLANG_CXX_LIBRARY = "libc++";
				CLANG_ENABLE_MODULES = YES;
				CLANG_ENABLE_OBJC_ARC = YES;
				CLANG_WARN_BLOCK_CAPTURE_AUTORELEASING = YES;
				CLANG_WARN_BOOL_CONVERSION = YES;
				CLANG_WARN_COMMA = YES;
				CLANG_WARN_CONSTANT_CONVERSION = YES;
				CLANG_WARN_DIRECT_OBJC_ISA_USAGE = YES_ERROR;
				CLANG_WARN_DOCUMENTATION_COMMENTS = YES;
				CLANG_WARN_EMPTY_BODY = YES;
				CLANG_WARN_ENUM_CONVERSION = YES;
				CLANG_WARN_INFINITE_RECURSION = YES;
				CLANG_WARN_INT_CONVERSION = YES;
				CLANG_WARN_NON_LITERAL_NULL_CONVERSION = YES;
				CLANG_WARN_OBJC_LITERAL_CONVERSION = YES;
				CLANG_WARN_OBJC_ROOT_CLASS = YES_ERROR;
				CLANG_WARN_RANGE_LOOP_ANALYSIS = YES;
				CLANG_WARN_STRICT_PROTOTYPES = YES;
				CLANG_WARN_SUSPICIOUS_MOVE = YES;
				CLANG_WARN_UNGUARDED_AVAILABILITY = YES_AGGRESSIVE;
				CLANG_WARN_UNREACHABLE_CODE = YES;
				CLANG_WARN__DUPLICATE_METHOD_MATCH = YES;
				CODE_SIGN_IDENTITY = "iPhone Developer";
				COPY_PHASE_STRIP = NO;
				DEBUG_INFORMATION_FORMAT = dwarf;
				ENABLE_STRICT_OBJC_MSGSEND = YES;
				ENABLE_TESTABILITY = YES;
				GCC_C_LANGUAGE_STANDARD = gnu11;
				GCC_DYNAMIC_NO_PIC = NO;
				GCC_NO_COMMON_BLOCKS = YES;
				GCC_OPTIMIZATION_LEVEL = 0;
				GCC_PREPROCESSOR_DEFINITIONS = (
					"DEBUG=1",
					"$(inherited)",
				);
				GCC_WARN_64_TO_32_BIT_CONVERSION = YES;
				GCC_WARN_ABOUT_RETURN_TYPE = YES_ERROR;
				GCC_WARN_UNDECLARED_SELECTOR = YES;
				GCC_WARN_UNINITIALIZED_AUTOS = YES_AGGRESSIVE;
				GCC_WARN_UNUSED_FUNCTION = YES;
				GCC_WARN_UNUSED_VARIABLE = YES;
				IPHONEOS_DEPLOYMENT_TARGET = 11.2;
				MTL_ENABLE_DEBUG_INFO = YES;
				ONLY_ACTIVE_ARCH = YES;
				SDKROOT = iphoneos;
				SWIFT_ACTIVE_COMPILATION_CONDITIONS = DEBUG;
				SWIFT_OPTIMIZATION_LEVEL = "-Onone";
			};
			name = Debug;
		};
		AF727F45204C7B5C00ADB45D /* Release */ = {
			isa = XCBuildConfiguration;
			buildSettings = {
				ALWAYS_SEARCH_USER_PATHS = NO;
				CLANG_ANALYZER_NONNULL = YES;
				CLANG_ANALYZER_NUMBER_OBJECT_CONVERSION = YES_AGGRESSIVE;
				CLANG_CXX_LANGUAGE_STANDARD = "gnu++14";
				CLANG_CXX_LIBRARY = "libc++";
				CLANG_ENABLE_MODULES = YES;
				CLANG_ENABLE_OBJC_ARC = YES;
				CLANG_WARN_BLOCK_CAPTURE_AUTORELEASING = YES;
				CLANG_WARN_BOOL_CONVERSION = YES;
				CLANG_WARN_COMMA = YES;
				CLANG_WARN_CONSTANT_CONVERSION = YES;
				CLANG_WARN_DIRECT_OBJC_ISA_USAGE = YES_ERROR;
				CLANG_WARN_DOCUMENTATION_COMMENTS = YES;
				CLANG_WARN_EMPTY_BODY = YES;
				CLANG_WARN_ENUM_CONVERSION = YES;
				CLANG_WARN_INFINITE_RECURSION = YES;
				CLANG_WARN_INT_CONVERSION = YES;
				CLANG_WARN_NON_LITERAL_NULL_CONVERSION = YES;
				CLANG_WARN_OBJC_LITERAL_CONVERSION = YES;
				CLANG_WARN_OBJC_ROOT_CLASS = YES_ERROR;
				CLANG_WARN_RANGE_LOOP_ANALYSIS = YES;
				CLANG_WARN_STRICT_PROTOTYPES = YES;
				CLANG_WARN_SUSPICIOUS_MOVE = YES;
				CLANG_WARN_UNGUARDED_AVAILABILITY = YES_AGGRESSIVE;
				CLANG_WARN_UNREACHABLE_CODE = YES;
				CLANG_WARN__DUPLICATE_METHOD_MATCH = YES;
				CODE_SIGN_IDENTITY = "iPhone Developer";
				COPY_PHASE_STRIP = NO;
				DEBUG_INFORMATION_FORMAT = "dwarf-with-dsym";
				ENABLE_NS_ASSERTIONS = NO;
				ENABLE_STRICT_OBJC_MSGSEND = YES;
				GCC_C_LANGUAGE_STANDARD = gnu11;
				GCC_NO_COMMON_BLOCKS = YES;
				GCC_WARN_64_TO_32_BIT_CONVERSION = YES;
				GCC_WARN_ABOUT_RETURN_TYPE = YES_ERROR;
				GCC_WARN_UNDECLARED_SELECTOR = YES;
				GCC_WARN_UNINITIALIZED_AUTOS = YES_AGGRESSIVE;
				GCC_WARN_UNUSED_FUNCTION = YES;
				GCC_WARN_UNUSED_VARIABLE = YES;
				IPHONEOS_DEPLOYMENT_TARGET = 11.2;
				MTL_ENABLE_DEBUG_INFO = NO;
				SDKROOT = iphoneos;
				SWIFT_OPTIMIZATION_LEVEL = "-Owholemodule";
				VALIDATE_PRODUCT = YES;
			};
			name = Release;
		};
		AF727F47204C7B5C00ADB45D /* Debug */ = {
			isa = XCBuildConfiguration;
			buildSettings = {
				ASSETCATALOG_COMPILER_APPICON_NAME = AppIcon;
				CODE_SIGN_STYLE = Automatic;
				DEVELOPMENT_TEAM = ZD2W23B9DF;
				INFOPLIST_FILE = personalityQuiz2/Info.plist;
				LD_RUNPATH_SEARCH_PATHS = "$(inherited) @executable_path/Frameworks";
				PRODUCT_BUNDLE_IDENTIFIER = org.jhhs.620090.personalityQuiz2;
				PRODUCT_NAME = "$(TARGET_NAME)";
				SWIFT_VERSION = 4.0;
				TARGETED_DEVICE_FAMILY = "1,2";
			};
			name = Debug;
		};
		AF727F48204C7B5C00ADB45D /* Release */ = {
			isa = XCBuildConfiguration;
			buildSettings = {
				ASSETCATALOG_COMPILER_APPICON_NAME = AppIcon;
				CODE_SIGN_STYLE = Automatic;
				DEVELOPMENT_TEAM = ZD2W23B9DF;
				INFOPLIST_FILE = personalityQuiz2/Info.plist;
				LD_RUNPATH_SEARCH_PATHS = "$(inherited) @executable_path/Frameworks";
				PRODUCT_BUNDLE_IDENTIFIER = org.jhhs.620090.personalityQuiz2;
				PRODUCT_NAME = "$(TARGET_NAME)";
				SWIFT_VERSION = 4.0;
				TARGETED_DEVICE_FAMILY = "1,2";
			};
			name = Release;
		};
/* End XCBuildConfiguration section */

/* Begin XCConfigurationList section */
		AF727F2F204C7B5C00ADB45D /* Build configuration list for PBXProject "personalityQuiz2" */ = {
			isa = XCConfigurationList;
			buildConfigurations = (
				AF727F44204C7B5C00ADB45D /* Debug */,
				AF727F45204C7B5C00ADB45D /* Release */,
			);
			defaultConfigurationIsVisible = 0;
			defaultConfigurationName = Release;
		};
		AF727F46204C7B5C00ADB45D /* Build configuration list for PBXNativeTarget "personalityQuiz2" */ = {
			isa = XCConfigurationList;
			buildConfigurations = (
				AF727F47204C7B5C00ADB45D /* Debug */,
				AF727F48204C7B5C00ADB45D /* Release */,
			);
			defaultConfigurationIsVisible = 0;
			defaultConfigurationName = Release;
		};
/* End XCConfigurationList section */
	};
	rootObject = AF727F2C204C7B5C00ADB45D /* Project object */;
}
